{
  "name": "avjwebdev",
  "lockfileVersion": 2,
  "requires": true,
  "packages": {
    "": {
      "dependencies": {
        "@staaky/fresco": "^2.3.2"
      }
    },
    "node_modules/@staaky/fresco": {
      "version": "2.3.2",
      "resolved": "https://registry.npmjs.org/@staaky/fresco/-/fresco-2.3.2.tgz",
      "integrity": "sha512-G99m6dt4UEtV7lkfEcKhQvpnxkIHfXw4GXBGRSji7nRZnOtj5yRZmVOvm3QIlYOKy4sML+Mn4WGSW5tvprh6Zg=="
    }
  },
  "dependencies": {
    "@staaky/fresco": {
      "version": "2.3.2",
      "resolved": "https://registry.npmjs.org/@staaky/fresco/-/fresco-2.3.2.tgz",
      "integrity": "sha512-G99m6dt4UEtV7lkfEcKhQvpnxkIHfXw4GXBGRSji7nRZnOtj5yRZmVOvm3QIlYOKy4sML+Mn4WGSW5tvprh6Zg=="
    }
  }
}
